
Microsoft Visual Studio Solution File, Format Version 12.00
# Visual Studio Version 17
VisualStudioVersion = 17.7.34031.279
MinimumVisualStudioVersion = 10.0.40219.1
Project("{FAE04EC0-301F-11D3-BF4B-00C04F79EFBC}") = "TablaDeMultiplicacion", "TablaDeMultiplicacion\TablaDeMultiplicacion.csproj", "{4518AB66-0E92-478B-8D9D-BAFCD887880C}"
EndProject
Global
	GlobalSection(SolutionConfigurationPlatforms) = preSolution
		Debug|Any CPU = Debug|Any CPU
		Release|Any CPU = Release|Any CPU
	EndGlobalSection
	GlobalSection(ProjectConfigurationPlatforms) = postSolution
		{4518AB66-0E92-478B-8D9D-BAFCD887880C}.Debug|Any CPU.ActiveCfg = Debug|Any CPU
		{4518AB66-0E92-478B-8D9D-BAFCD887880C}.Debug|Any CPU.Build.0 = Debug|Any CPU
		{4518AB66-0E92-478B-8D9D-BAFCD887880C}.Release|Any CPU.ActiveCfg = Release|Any CPU
		{4518AB66-0E92-478B-8D9D-BAFCD887880C}.Release|Any CPU.Build.0 = Release|Any CPU
	EndGlobalSection
	GlobalSection(SolutionProperties) = preSolution
		HideSolutionNode = FALSE
	EndGlobalSection
	GlobalSection(ExtensibilityGlobals) = postSolution
		SolutionGuid = {0A6C5218-4593-4B36-8922-26A5A4B8D3E6}
	EndGlobalSection
EndGlobal
